
Microsoft Visual Studio Solution File, Format Version 12.00
# Visual Studio Version 17
VisualStudioVersion = 17.4.33122.133
MinimumVisualStudioVersion = 10.0.40219.1
Project("{FAE04EC0-301F-11D3-BF4B-00C04F79EFBC}") = "LatihanHTML", "LatihanHTML\LatihanHTML.csproj", "{EEF8F44F-6B05-4C7C-B18B-3DACDE1B57A9}"
EndProject
Global
	GlobalSection(SolutionConfigurationPlatforms) = preSolution
		Debug|Any CPU = Debug|Any CPU
		Release|Any CPU = Release|Any CPU
	EndGlobalSection
	GlobalSection(ProjectConfigurationPlatforms) = postSolution
		{EEF8F44F-6B05-4C7C-B18B-3DACDE1B57A9}.Debug|Any CPU.ActiveCfg = Debug|Any CPU
		{EEF8F44F-6B05-4C7C-B18B-3DACDE1B57A9}.Debug|Any CPU.Build.0 = Debug|Any CPU
		{EEF8F44F-6B05-4C7C-B18B-3DACDE1B57A9}.Release|Any CPU.ActiveCfg = Release|Any CPU
		{EEF8F44F-6B05-4C7C-B18B-3DACDE1B57A9}.Release|Any CPU.Build.0 = Release|Any CPU
	EndGlobalSection
	GlobalSection(SolutionProperties) = preSolution
		HideSolutionNode = FALSE
	EndGlobalSection
	GlobalSection(ExtensibilityGlobals) = postSolution
		SolutionGuid = {F7073E71-C0E2-4A65-B2FD-E805FD910CE4}
	EndGlobalSection
EndGlobal
